
Microsoft Visual Studio Solution File, Format Version 12.00
# Visual Studio Version 17
VisualStudioVersion = 17.10.35122.118
MinimumVisualStudioVersion = 10.0.40219.1
Project("{FAE04EC0-301F-11D3-BF4B-00C04F79EFBC}") = "wf2", "wf2.csproj", "{AD0BB9E2-6B99-4617-8F7F-DE1F135074C9}"
EndProject
Global
	GlobalSection(SolutionConfigurationPlatforms) = preSolution
		Debug|Any CPU = Debug|Any CPU
		Release|Any CPU = Release|Any CPU
	EndGlobalSection
	GlobalSection(ProjectConfigurationPlatforms) = postSolution
		{AD0BB9E2-6B99-4617-8F7F-DE1F135074C9}.Debug|Any CPU.ActiveCfg = Debug|Any CPU
		{AD0BB9E2-6B99-4617-8F7F-DE1F135074C9}.Debug|Any CPU.Build.0 = Debug|Any CPU
		{AD0BB9E2-6B99-4617-8F7F-DE1F135074C9}.Release|Any CPU.ActiveCfg = Release|Any CPU
		{AD0BB9E2-6B99-4617-8F7F-DE1F135074C9}.Release|Any CPU.Build.0 = Release|Any CPU
	EndGlobalSection
	GlobalSection(SolutionProperties) = preSolution
		HideSolutionNode = FALSE
	EndGlobalSection
	GlobalSection(ExtensibilityGlobals) = postSolution
		SolutionGuid = {0E40E0E4-99C9-42A0-8E70-9BC9B9668C72}
	EndGlobalSection
EndGlobal
